
Microsoft Visual Studio Solution File, Format Version 12.00
# Visual Studio 15
VisualStudioVersion = 15.0.26906.0
MinimumVisualStudioVersion = 10.0.40219.1
Project("{FAE04EC0-301F-11D3-BF4B-00C04F79EFBC}") = "WinForms461", "WinForms461\WinForms461.csproj", "{F176BA15-2F79-4F71-A996-5488CABA0E58}"
EndProject
Project("{C7167F0D-BC9F-4E6E-AFE1-012C56B48DB5}") = "Winforms61Appx", "Winforms61Appx\Winforms61Appx.wapproj", "{130B6691-5C85-4C05-89AD-B3748AF7DC73}"
EndProject
Global
	GlobalSection(SolutionConfigurationPlatforms) = preSolution
		Debug|Any CPU = Debug|Any CPU
		Debug|ARM = Debug|ARM
		Debug|x64 = Debug|x64
		Debug|x86 = Debug|x86
		Release|Any CPU = Release|Any CPU
		Release|ARM = Release|ARM
		Release|x64 = Release|x64
		Release|x86 = Release|x86
	EndGlobalSection
	GlobalSection(ProjectConfigurationPlatforms) = postSolution
		{F176BA15-2F79-4F71-A996-5488CABA0E58}.Debug|Any CPU.ActiveCfg = Debug|Any CPU
		{F176BA15-2F79-4F71-A996-5488CABA0E58}.Debug|Any CPU.Build.0 = Debug|Any CPU
		{F176BA15-2F79-4F71-A996-5488CABA0E58}.Debug|ARM.ActiveCfg = Debug|Any CPU
		{F176BA15-2F79-4F71-A996-5488CABA0E58}.Debug|ARM.Build.0 = Debug|Any CPU
		{F176BA15-2F79-4F71-A996-5488CABA0E58}.Debug|x64.ActiveCfg = Debug|x64
		{F176BA15-2F79-4F71-A996-5488CABA0E58}.Debug|x64.Build.0 = Debug|x64
		{F176BA15-2F79-4F71-A996-5488CABA0E58}.Debug|x86.ActiveCfg = Debug|Any CPU
		{F176BA15-2F79-4F71-A996-5488CABA0E58}.Debug|x86.Build.0 = Debug|Any CPU
		{F176BA15-2F79-4F71-A996-5488CABA0E58}.Release|Any CPU.ActiveCfg = Release|Any CPU
		{F176BA15-2F79-4F71-A996-5488CABA0E58}.Release|Any CPU.Build.0 = Release|Any CPU
		{F176BA15-2F79-4F71-A996-5488CABA0E58}.Release|ARM.ActiveCfg = Release|Any CPU
		{F176BA15-2F79-4F71-A996-5488CABA0E58}.Release|ARM.Build.0 = Release|Any CPU
		{F176BA15-2F79-4F71-A996-5488CABA0E58}.Release|x64.ActiveCfg = Release|Any CPU
		{F176BA15-2F79-4F71-A996-5488CABA0E58}.Release|x64.Build.0 = Release|Any CPU
		{F176BA15-2F79-4F71-A996-5488CABA0E58}.Release|x86.ActiveCfg = Release|Any CPU
		{F176BA15-2F79-4F71-A996-5488CABA0E58}.Release|x86.Build.0 = Release|Any CPU
		{130B6691-5C85-4C05-89AD-B3748AF7DC73}.Debug|Any CPU.ActiveCfg = Debug|Any CPU
		{130B6691-5C85-4C05-89AD-B3748AF7DC73}.Debug|Any CPU.Build.0 = Debug|Any CPU
		{130B6691-5C85-4C05-89AD-B3748AF7DC73}.Debug|Any CPU.Deploy.0 = Debug|Any CPU
		{130B6691-5C85-4C05-89AD-B3748AF7DC73}.Debug|ARM.ActiveCfg = Debug|Any CPU
		{130B6691-5C85-4C05-89AD-B3748AF7DC73}.Debug|ARM.Build.0 = Debug|Any CPU
		{130B6691-5C85-4C05-89AD-B3748AF7DC73}.Debug|ARM.Deploy.0 = Debug|Any CPU
		{130B6691-5C85-4C05-89AD-B3748AF7DC73}.Debug|x64.ActiveCfg = Debug|x64
		{130B6691-5C85-4C05-89AD-B3748AF7DC73}.Debug|x64.Build.0 = Debug|x64
		{130B6691-5C85-4C05-89AD-B3748AF7DC73}.Debug|x64.Deploy.0 = Debug|x64
		{130B6691-5C85-4C05-89AD-B3748AF7DC73}.Debug|x86.ActiveCfg = Debug|x86
		{130B6691-5C85-4C05-89AD-B3748AF7DC73}.Debug|x86.Build.0 = Debug|x86
		{130B6691-5C85-4C05-89AD-B3748AF7DC73}.Debug|x86.Deploy.0 = Debug|x86
		{130B6691-5C85-4C05-89AD-B3748AF7DC73}.Release|Any CPU.ActiveCfg = Release|Any CPU
		{130B6691-5C85-4C05-89AD-B3748AF7DC73}.Release|Any CPU.Build.0 = Release|Any CPU
		{130B6691-5C85-4C05-89AD-B3748AF7DC73}.Release|Any CPU.Deploy.0 = Release|Any CPU
		{130B6691-5C85-4C05-89AD-B3748AF7DC73}.Release|ARM.ActiveCfg = Release|Any CPU
		{130B6691-5C85-4C05-89AD-B3748AF7DC73}.Release|ARM.Build.0 = Release|Any CPU
		{130B6691-5C85-4C05-89AD-B3748AF7DC73}.Release|ARM.Deploy.0 = Release|Any CPU
		{130B6691-5C85-4C05-89AD-B3748AF7DC73}.Release|x64.ActiveCfg = Release|x64
		{130B6691-5C85-4C05-89AD-B3748AF7DC73}.Release|x64.Build.0 = Release|x64
		{130B6691-5C85-4C05-89AD-B3748AF7DC73}.Release|x64.Deploy.0 = Release|x64
		{130B6691-5C85-4C05-89AD-B3748AF7DC73}.Release|x86.ActiveCfg = Release|x86
		{130B6691-5C85-4C05-89AD-B3748AF7DC73}.Release|x86.Build.0 = Release|x86
		{130B6691-5C85-4C05-89AD-B3748AF7DC73}.Release|x86.Deploy.0 = Release|x86
	EndGlobalSection
	GlobalSection(SolutionProperties) = preSolution
		HideSolutionNode = FALSE
	EndGlobalSection
	GlobalSection(ExtensibilityGlobals) = postSolution
		SolutionGuid = {282944C1-E29F-4603-B69D-5BE4EA9825AA}
	EndGlobalSection
EndGlobal
