
Microsoft Visual Studio Solution File, Format Version 12.00
# Visual Studio 15
VisualStudioVersion = 15.0.26430.13
MinimumVisualStudioVersion = 10.0.40219.1
Project("{FAE04EC0-301F-11D3-BF4B-00C04F79EFBC}") = "WinForms461", "WinForms461\WinForms461.csproj", "{F176BA15-2F79-4F71-A996-5488CABA0E58}"
EndProject
Project("{FAE04EC0-301F-11D3-BF4B-00C04F79EFBC}") = "WinForms.Package", "WinForms.Package\WinForms.Package.csproj", "{1A586B0E-4049-4F6D-909D-55DCA6DE1764}"
EndProject
Project("{FAE04EC0-301F-11D3-BF4B-00C04F79EFBC}") = "HttpBGTask", "HttpBGTask\HttpBGTask.csproj", "{7494C6B7-E004-460C-AACC-92676F0F424B}"
EndProject
Global
	GlobalSection(SolutionConfigurationPlatforms) = preSolution
		Debug|Any CPU = Debug|Any CPU
		Debug|ARM = Debug|ARM
		Debug|x64 = Debug|x64
		Debug|x86 = Debug|x86
		Release|Any CPU = Release|Any CPU
		Release|ARM = Release|ARM
		Release|x64 = Release|x64
		Release|x86 = Release|x86
	EndGlobalSection
	GlobalSection(ProjectConfigurationPlatforms) = postSolution
		{F176BA15-2F79-4F71-A996-5488CABA0E58}.Debug|Any CPU.ActiveCfg = Debug|Any CPU
		{F176BA15-2F79-4F71-A996-5488CABA0E58}.Debug|Any CPU.Build.0 = Debug|Any CPU
		{F176BA15-2F79-4F71-A996-5488CABA0E58}.Debug|ARM.ActiveCfg = Debug|Any CPU
		{F176BA15-2F79-4F71-A996-5488CABA0E58}.Debug|ARM.Build.0 = Debug|Any CPU
		{F176BA15-2F79-4F71-A996-5488CABA0E58}.Debug|x64.ActiveCfg = Debug|x64
		{F176BA15-2F79-4F71-A996-5488CABA0E58}.Debug|x64.Build.0 = Debug|x64
		{F176BA15-2F79-4F71-A996-5488CABA0E58}.Debug|x86.ActiveCfg = Debug|Any CPU
		{F176BA15-2F79-4F71-A996-5488CABA0E58}.Debug|x86.Build.0 = Debug|Any CPU
		{F176BA15-2F79-4F71-A996-5488CABA0E58}.Release|Any CPU.ActiveCfg = Release|Any CPU
		{F176BA15-2F79-4F71-A996-5488CABA0E58}.Release|Any CPU.Build.0 = Release|Any CPU
		{F176BA15-2F79-4F71-A996-5488CABA0E58}.Release|ARM.ActiveCfg = Release|Any CPU
		{F176BA15-2F79-4F71-A996-5488CABA0E58}.Release|ARM.Build.0 = Release|Any CPU
		{F176BA15-2F79-4F71-A996-5488CABA0E58}.Release|x64.ActiveCfg = Release|Any CPU
		{F176BA15-2F79-4F71-A996-5488CABA0E58}.Release|x64.Build.0 = Release|Any CPU
		{F176BA15-2F79-4F71-A996-5488CABA0E58}.Release|x86.ActiveCfg = Release|Any CPU
		{F176BA15-2F79-4F71-A996-5488CABA0E58}.Release|x86.Build.0 = Release|Any CPU
		{1A586B0E-4049-4F6D-909D-55DCA6DE1764}.Debug|Any CPU.ActiveCfg = Debug|x86
		{1A586B0E-4049-4F6D-909D-55DCA6DE1764}.Debug|ARM.ActiveCfg = Debug|ARM
		{1A586B0E-4049-4F6D-909D-55DCA6DE1764}.Debug|ARM.Build.0 = Debug|ARM
		{1A586B0E-4049-4F6D-909D-55DCA6DE1764}.Debug|ARM.Deploy.0 = Debug|ARM
		{1A586B0E-4049-4F6D-909D-55DCA6DE1764}.Debug|x64.ActiveCfg = Debug|x64
		{1A586B0E-4049-4F6D-909D-55DCA6DE1764}.Debug|x64.Build.0 = Debug|x64
		{1A586B0E-4049-4F6D-909D-55DCA6DE1764}.Debug|x64.Deploy.0 = Debug|x64
		{1A586B0E-4049-4F6D-909D-55DCA6DE1764}.Debug|x86.ActiveCfg = Debug|x86
		{1A586B0E-4049-4F6D-909D-55DCA6DE1764}.Debug|x86.Build.0 = Debug|x86
		{1A586B0E-4049-4F6D-909D-55DCA6DE1764}.Debug|x86.Deploy.0 = Debug|x86
		{1A586B0E-4049-4F6D-909D-55DCA6DE1764}.Release|Any CPU.ActiveCfg = Release|x86
		{1A586B0E-4049-4F6D-909D-55DCA6DE1764}.Release|ARM.ActiveCfg = Release|ARM
		{1A586B0E-4049-4F6D-909D-55DCA6DE1764}.Release|ARM.Build.0 = Release|ARM
		{1A586B0E-4049-4F6D-909D-55DCA6DE1764}.Release|ARM.Deploy.0 = Release|ARM
		{1A586B0E-4049-4F6D-909D-55DCA6DE1764}.Release|x64.ActiveCfg = Release|x64
		{1A586B0E-4049-4F6D-909D-55DCA6DE1764}.Release|x64.Build.0 = Release|x64
		{1A586B0E-4049-4F6D-909D-55DCA6DE1764}.Release|x64.Deploy.0 = Release|x64
		{1A586B0E-4049-4F6D-909D-55DCA6DE1764}.Release|x86.ActiveCfg = Release|x86
		{1A586B0E-4049-4F6D-909D-55DCA6DE1764}.Release|x86.Build.0 = Release|x86
		{1A586B0E-4049-4F6D-909D-55DCA6DE1764}.Release|x86.Deploy.0 = Release|x86
		{7494C6B7-E004-460C-AACC-92676F0F424B}.Debug|Any CPU.ActiveCfg = Debug|Any CPU
		{7494C6B7-E004-460C-AACC-92676F0F424B}.Debug|Any CPU.Build.0 = Debug|Any CPU
		{7494C6B7-E004-460C-AACC-92676F0F424B}.Debug|ARM.ActiveCfg = Debug|ARM
		{7494C6B7-E004-460C-AACC-92676F0F424B}.Debug|ARM.Build.0 = Debug|ARM
		{7494C6B7-E004-460C-AACC-92676F0F424B}.Debug|x64.ActiveCfg = Debug|x64
		{7494C6B7-E004-460C-AACC-92676F0F424B}.Debug|x64.Build.0 = Debug|x64
		{7494C6B7-E004-460C-AACC-92676F0F424B}.Debug|x86.ActiveCfg = Debug|x86
		{7494C6B7-E004-460C-AACC-92676F0F424B}.Debug|x86.Build.0 = Debug|x86
		{7494C6B7-E004-460C-AACC-92676F0F424B}.Release|Any CPU.ActiveCfg = Release|Any CPU
		{7494C6B7-E004-460C-AACC-92676F0F424B}.Release|Any CPU.Build.0 = Release|Any CPU
		{7494C6B7-E004-460C-AACC-92676F0F424B}.Release|ARM.ActiveCfg = Release|ARM
		{7494C6B7-E004-460C-AACC-92676F0F424B}.Release|ARM.Build.0 = Release|ARM
		{7494C6B7-E004-460C-AACC-92676F0F424B}.Release|x64.ActiveCfg = Release|x64
		{7494C6B7-E004-460C-AACC-92676F0F424B}.Release|x64.Build.0 = Release|x64
		{7494C6B7-E004-460C-AACC-92676F0F424B}.Release|x86.ActiveCfg = Release|x86
		{7494C6B7-E004-460C-AACC-92676F0F424B}.Release|x86.Build.0 = Release|x86
	EndGlobalSection
	GlobalSection(SolutionProperties) = preSolution
		HideSolutionNode = FALSE
	EndGlobalSection
EndGlobal
